
Microsoft Visual Studio Solution File, Format Version 12.00
# Visual Studio 15
VisualStudioVersion = 15.0.27703.2000
MinimumVisualStudioVersion = 10.0.40219.1
Project("{9A19103F-16F7-4668-BE54-9A1E7A4F7556}") = "Urho3d.Rube", "Urho3d.Rube\Urho3d.Rube\Urho3d.Rube.csproj", "{05C0C3D9-2AFF-4AFA-834B-0E1EED081D53}"
EndProject
Project("{FAE04EC0-301F-11D3-BF4B-00C04F79EFBC}") = "Urho3d.Rube.Android", "Urho3d.Rube\Urho3d.Rube.Android\Urho3d.Rube.Android.csproj", "{B9BD9199-89E4-4BFF-9848-6D5704CBFF4A}"
EndProject
Project("{FAE04EC0-301F-11D3-BF4B-00C04F79EFBC}") = "Urho3d.Rube.iOS", "Urho3d.Rube\Urho3d.Rube.iOS\Urho3d.Rube.iOS.csproj", "{ED563D32-A260-4904-A0B3-49E7A7EA9B4C}"
EndProject
Project("{FAE04EC0-301F-11D3-BF4B-00C04F79EFBC}") = "Urho3d.Rube.UWP", "Urho3d.Rube\Urho3d.Rube.UWP\Urho3d.Rube.UWP.csproj", "{0A78A457-987F-4FE9-96B8-B1B11C0ED6C3}"
EndProject
Project("{2150E333-8FDC-42A3-9474-1A3956D46DE8}") = "Toolkit", "Toolkit", "{7A6207DA-3EE1-469C-8643-88FC3093873B}"
EndProject
Project("{9A19103F-16F7-4668-BE54-9A1E7A4F7556}") = "Toolkit.Urho.Rube", "Urho3d.Rube\Toolkit\Toolkit.Urho.Rube\Toolkit.Urho.Rube.csproj", "{921A1FD7-0007-4F37-89A1-8A7777D2F6A2}"
EndProject
Global
	GlobalSection(SolutionConfigurationPlatforms) = preSolution
		Ad-Hoc|Any CPU = Ad-Hoc|Any CPU
		Ad-Hoc|ARM = Ad-Hoc|ARM
		Ad-Hoc|iPhone = Ad-Hoc|iPhone
		Ad-Hoc|iPhoneSimulator = Ad-Hoc|iPhoneSimulator
		Ad-Hoc|x64 = Ad-Hoc|x64
		Ad-Hoc|x86 = Ad-Hoc|x86
		AppStore|Any CPU = AppStore|Any CPU
		AppStore|ARM = AppStore|ARM
		AppStore|iPhone = AppStore|iPhone
		AppStore|iPhoneSimulator = AppStore|iPhoneSimulator
		AppStore|x64 = AppStore|x64
		AppStore|x86 = AppStore|x86
		Debug|Any CPU = Debug|Any CPU
		Debug|ARM = Debug|ARM
		Debug|iPhone = Debug|iPhone
		Debug|iPhoneSimulator = Debug|iPhoneSimulator
		Debug|x64 = Debug|x64
		Debug|x86 = Debug|x86
		Release|Any CPU = Release|Any CPU
		Release|ARM = Release|ARM
		Release|iPhone = Release|iPhone
		Release|iPhoneSimulator = Release|iPhoneSimulator
		Release|x64 = Release|x64
		Release|x86 = Release|x86
	EndGlobalSection
	GlobalSection(ProjectConfigurationPlatforms) = postSolution
		{05C0C3D9-2AFF-4AFA-834B-0E1EED081D53}.Ad-Hoc|Any CPU.ActiveCfg = Debug|Any CPU
		{05C0C3D9-2AFF-4AFA-834B-0E1EED081D53}.Ad-Hoc|Any CPU.Build.0 = Debug|Any CPU
		{05C0C3D9-2AFF-4AFA-834B-0E1EED081D53}.Ad-Hoc|ARM.ActiveCfg = Debug|Any CPU
		{05C0C3D9-2AFF-4AFA-834B-0E1EED081D53}.Ad-Hoc|ARM.Build.0 = Debug|Any CPU
		{05C0C3D9-2AFF-4AFA-834B-0E1EED081D53}.Ad-Hoc|iPhone.ActiveCfg = Debug|Any CPU
		{05C0C3D9-2AFF-4AFA-834B-0E1EED081D53}.Ad-Hoc|iPhone.Build.0 = Debug|Any CPU
		{05C0C3D9-2AFF-4AFA-834B-0E1EED081D53}.Ad-Hoc|iPhoneSimulator.ActiveCfg = Debug|Any CPU
		{05C0C3D9-2AFF-4AFA-834B-0E1EED081D53}.Ad-Hoc|iPhoneSimulator.Build.0 = Debug|Any CPU
		{05C0C3D9-2AFF-4AFA-834B-0E1EED081D53}.Ad-Hoc|x64.ActiveCfg = Debug|Any CPU
		{05C0C3D9-2AFF-4AFA-834B-0E1EED081D53}.Ad-Hoc|x64.Build.0 = Debug|Any CPU
		{05C0C3D9-2AFF-4AFA-834B-0E1EED081D53}.Ad-Hoc|x86.ActiveCfg = Debug|Any CPU
		{05C0C3D9-2AFF-4AFA-834B-0E1EED081D53}.Ad-Hoc|x86.Build.0 = Debug|Any CPU
		{05C0C3D9-2AFF-4AFA-834B-0E1EED081D53}.AppStore|Any CPU.ActiveCfg = Debug|Any CPU
		{05C0C3D9-2AFF-4AFA-834B-0E1EED081D53}.AppStore|Any CPU.Build.0 = Debug|Any CPU
		{05C0C3D9-2AFF-4AFA-834B-0E1EED081D53}.AppStore|ARM.ActiveCfg = Debug|Any CPU
		{05C0C3D9-2AFF-4AFA-834B-0E1EED081D53}.AppStore|ARM.Build.0 = Debug|Any CPU
		{05C0C3D9-2AFF-4AFA-834B-0E1EED081D53}.AppStore|iPhone.ActiveCfg = Debug|Any CPU
		{05C0C3D9-2AFF-4AFA-834B-0E1EED081D53}.AppStore|iPhone.Build.0 = Debug|Any CPU
		{05C0C3D9-2AFF-4AFA-834B-0E1EED081D53}.AppStore|iPhoneSimulator.ActiveCfg = Debug|Any CPU
		{05C0C3D9-2AFF-4AFA-834B-0E1EED081D53}.AppStore|iPhoneSimulator.Build.0 = Debug|Any CPU
		{05C0C3D9-2AFF-4AFA-834B-0E1EED081D53}.AppStore|x64.ActiveCfg = Debug|Any CPU
		{05C0C3D9-2AFF-4AFA-834B-0E1EED081D53}.AppStore|x64.Build.0 = Debug|Any CPU
		{05C0C3D9-2AFF-4AFA-834B-0E1EED081D53}.AppStore|x86.ActiveCfg = Debug|Any CPU
		{05C0C3D9-2AFF-4AFA-834B-0E1EED081D53}.AppStore|x86.Build.0 = Debug|Any CPU
		{05C0C3D9-2AFF-4AFA-834B-0E1EED081D53}.Debug|Any CPU.ActiveCfg = Debug|Any CPU
		{05C0C3D9-2AFF-4AFA-834B-0E1EED081D53}.Debug|Any CPU.Build.0 = Debug|Any CPU
		{05C0C3D9-2AFF-4AFA-834B-0E1EED081D53}.Debug|ARM.ActiveCfg = Debug|Any CPU
		{05C0C3D9-2AFF-4AFA-834B-0E1EED081D53}.Debug|ARM.Build.0 = Debug|Any CPU
		{05C0C3D9-2AFF-4AFA-834B-0E1EED081D53}.Debug|iPhone.ActiveCfg = Debug|Any CPU
		{05C0C3D9-2AFF-4AFA-834B-0E1EED081D53}.Debug|iPhone.Build.0 = Debug|Any CPU
		{05C0C3D9-2AFF-4AFA-834B-0E1EED081D53}.Debug|iPhoneSimulator.ActiveCfg = Debug|Any CPU
		{05C0C3D9-2AFF-4AFA-834B-0E1EED081D53}.Debug|iPhoneSimulator.Build.0 = Debug|Any CPU
		{05C0C3D9-2AFF-4AFA-834B-0E1EED081D53}.Debug|x64.ActiveCfg = Debug|Any CPU
		{05C0C3D9-2AFF-4AFA-834B-0E1EED081D53}.Debug|x64.Build.0 = Debug|Any CPU
		{05C0C3D9-2AFF-4AFA-834B-0E1EED081D53}.Debug|x86.ActiveCfg = Debug|Any CPU
		{05C0C3D9-2AFF-4AFA-834B-0E1EED081D53}.Debug|x86.Build.0 = Debug|Any CPU
		{05C0C3D9-2AFF-4AFA-834B-0E1EED081D53}.Release|Any CPU.ActiveCfg = Release|Any CPU
		{05C0C3D9-2AFF-4AFA-834B-0E1EED081D53}.Release|Any CPU.Build.0 = Release|Any CPU
		{05C0C3D9-2AFF-4AFA-834B-0E1EED081D53}.Release|ARM.ActiveCfg = Release|Any CPU
		{05C0C3D9-2AFF-4AFA-834B-0E1EED081D53}.Release|ARM.Build.0 = Release|Any CPU
		{05C0C3D9-2AFF-4AFA-834B-0E1EED081D53}.Release|iPhone.ActiveCfg = Release|Any CPU
		{05C0C3D9-2AFF-4AFA-834B-0E1EED081D53}.Release|iPhone.Build.0 = Release|Any CPU
		{05C0C3D9-2AFF-4AFA-834B-0E1EED081D53}.Release|iPhoneSimulator.ActiveCfg = Release|Any CPU
		{05C0C3D9-2AFF-4AFA-834B-0E1EED081D53}.Release|iPhoneSimulator.Build.0 = Release|Any CPU
		{05C0C3D9-2AFF-4AFA-834B-0E1EED081D53}.Release|x64.ActiveCfg = Release|Any CPU
		{05C0C3D9-2AFF-4AFA-834B-0E1EED081D53}.Release|x64.Build.0 = Release|Any CPU
		{05C0C3D9-2AFF-4AFA-834B-0E1EED081D53}.Release|x86.ActiveCfg = Release|Any CPU
		{05C0C3D9-2AFF-4AFA-834B-0E1EED081D53}.Release|x86.Build.0 = Release|Any CPU
		{B9BD9199-89E4-4BFF-9848-6D5704CBFF4A}.Ad-Hoc|Any CPU.ActiveCfg = Release|Any CPU
		{B9BD9199-89E4-4BFF-9848-6D5704CBFF4A}.Ad-Hoc|Any CPU.Build.0 = Release|Any CPU
		{B9BD9199-89E4-4BFF-9848-6D5704CBFF4A}.Ad-Hoc|Any CPU.Deploy.0 = Release|Any CPU
		{B9BD9199-89E4-4BFF-9848-6D5704CBFF4A}.Ad-Hoc|ARM.ActiveCfg = Release|Any CPU
		{B9BD9199-89E4-4BFF-9848-6D5704CBFF4A}.Ad-Hoc|ARM.Build.0 = Release|Any CPU
		{B9BD9199-89E4-4BFF-9848-6D5704CBFF4A}.Ad-Hoc|ARM.Deploy.0 = Release|Any CPU
		{B9BD9199-89E4-4BFF-9848-6D5704CBFF4A}.Ad-Hoc|iPhone.ActiveCfg = Release|Any CPU
		{B9BD9199-89E4-4BFF-9848-6D5704CBFF4A}.Ad-Hoc|iPhone.Build.0 = Release|Any CPU
		{B9BD9199-89E4-4BFF-9848-6D5704CBFF4A}.Ad-Hoc|iPhone.Deploy.0 = Release|Any CPU
		{B9BD9199-89E4-4BFF-9848-6D5704CBFF4A}.Ad-Hoc|iPhoneSimulator.ActiveCfg = Release|Any CPU
		{B9BD9199-89E4-4BFF-9848-6D5704CBFF4A}.Ad-Hoc|iPhoneSimulator.Build.0 = Release|Any CPU
		{B9BD9199-89E4-4BFF-9848-6D5704CBFF4A}.Ad-Hoc|iPhoneSimulator.Deploy.0 = Release|Any CPU
		{B9BD9199-89E4-4BFF-9848-6D5704CBFF4A}.Ad-Hoc|x64.ActiveCfg = Release|Any CPU
		{B9BD9199-89E4-4BFF-9848-6D5704CBFF4A}.Ad-Hoc|x64.Build.0 = Release|Any CPU
		{B9BD9199-89E4-4BFF-9848-6D5704CBFF4A}.Ad-Hoc|x64.Deploy.0 = Release|Any CPU
		{B9BD9199-89E4-4BFF-9848-6D5704CBFF4A}.Ad-Hoc|x86.ActiveCfg = Release|Any CPU
		{B9BD9199-89E4-4BFF-9848-6D5704CBFF4A}.Ad-Hoc|x86.Build.0 = Release|Any CPU
		{B9BD9199-89E4-4BFF-9848-6D5704CBFF4A}.Ad-Hoc|x86.Deploy.0 = Release|Any CPU
		{B9BD9199-89E4-4BFF-9848-6D5704CBFF4A}.AppStore|Any CPU.ActiveCfg = Release|Any CPU
		{B9BD9199-89E4-4BFF-9848-6D5704CBFF4A}.AppStore|Any CPU.Build.0 = Release|Any CPU
		{B9BD9199-89E4-4BFF-9848-6D5704CBFF4A}.AppStore|Any CPU.Deploy.0 = Release|Any CPU
		{B9BD9199-89E4-4BFF-9848-6D5704CBFF4A}.AppStore|ARM.ActiveCfg = Release|Any CPU
		{B9BD9199-89E4-4BFF-9848-6D5704CBFF4A}.AppStore|ARM.Build.0 = Release|Any CPU
		{B9BD9199-89E4-4BFF-9848-6D5704CBFF4A}.AppStore|ARM.Deploy.0 = Release|Any CPU
		{B9BD9199-89E4-4BFF-9848-6D5704CBFF4A}.AppStore|iPhone.ActiveCfg = Release|Any CPU
		{B9BD9199-89E4-4BFF-9848-6D5704CBFF4A}.AppStore|iPhone.Build.0 = Release|Any CPU
		{B9BD9199-89E4-4BFF-9848-6D5704CBFF4A}.AppStore|iPhone.Deploy.0 = Release|Any CPU
		{B9BD9199-89E4-4BFF-9848-6D5704CBFF4A}.AppStore|iPhoneSimulator.ActiveCfg = Release|Any CPU
		{B9BD9199-89E4-4BFF-9848-6D5704CBFF4A}.AppStore|iPhoneSimulator.Build.0 = Release|Any CPU
		{B9BD9199-89E4-4BFF-9848-6D5704CBFF4A}.AppStore|iPhoneSimulator.Deploy.0 = Release|Any CPU
		{B9BD9199-89E4-4BFF-9848-6D5704CBFF4A}.AppStore|x64.ActiveCfg = Release|Any CPU
		{B9BD9199-89E4-4BFF-9848-6D5704CBFF4A}.AppStore|x64.Build.0 = Release|Any CPU
		{B9BD9199-89E4-4BFF-9848-6D5704CBFF4A}.AppStore|x64.Deploy.0 = Release|Any CPU
		{B9BD9199-89E4-4BFF-9848-6D5704CBFF4A}.AppStore|x86.ActiveCfg = Release|Any CPU
		{B9BD9199-89E4-4BFF-9848-6D5704CBFF4A}.AppStore|x86.Build.0 = Release|Any CPU
		{B9BD9199-89E4-4BFF-9848-6D5704CBFF4A}.AppStore|x86.Deploy.0 = Release|Any CPU
		{B9BD9199-89E4-4BFF-9848-6D5704CBFF4A}.Debug|Any CPU.ActiveCfg = Debug|Any CPU
		{B9BD9199-89E4-4BFF-9848-6D5704CBFF4A}.Debug|ARM.ActiveCfg = Debug|Any CPU
		{B9BD9199-89E4-4BFF-9848-6D5704CBFF4A}.Debug|ARM.Build.0 = Debug|Any CPU
		{B9BD9199-89E4-4BFF-9848-6D5704CBFF4A}.Debug|ARM.Deploy.0 = Debug|Any CPU
		{B9BD9199-89E4-4BFF-9848-6D5704CBFF4A}.Debug|iPhone.ActiveCfg = Debug|Any CPU
		{B9BD9199-89E4-4BFF-9848-6D5704CBFF4A}.Debug|iPhone.Build.0 = Debug|Any CPU
		{B9BD9199-89E4-4BFF-9848-6D5704CBFF4A}.Debug|iPhone.Deploy.0 = Debug|Any CPU
		{B9BD9199-89E4-4BFF-9848-6D5704CBFF4A}.Debug|iPhoneSimulator.ActiveCfg = Debug|Any CPU
		{B9BD9199-89E4-4BFF-9848-6D5704CBFF4A}.Debug|iPhoneSimulator.Build.0 = Debug|Any CPU
		{B9BD9199-89E4-4BFF-9848-6D5704CBFF4A}.Debug|iPhoneSimulator.Deploy.0 = Debug|Any CPU
		{B9BD9199-89E4-4BFF-9848-6D5704CBFF4A}.Debug|x64.ActiveCfg = Debug|Any CPU
		{B9BD9199-89E4-4BFF-9848-6D5704CBFF4A}.Debug|x64.Build.0 = Debug|Any CPU
		{B9BD9199-89E4-4BFF-9848-6D5704CBFF4A}.Debug|x64.Deploy.0 = Debug|Any CPU
		{B9BD9199-89E4-4BFF-9848-6D5704CBFF4A}.Debug|x86.ActiveCfg = Debug|Any CPU
		{B9BD9199-89E4-4BFF-9848-6D5704CBFF4A}.Debug|x86.Build.0 = Debug|Any CPU
		{B9BD9199-89E4-4BFF-9848-6D5704CBFF4A}.Debug|x86.Deploy.0 = Debug|Any CPU
		{B9BD9199-89E4-4BFF-9848-6D5704CBFF4A}.Release|Any CPU.ActiveCfg = Release|Any CPU
		{B9BD9199-89E4-4BFF-9848-6D5704CBFF4A}.Release|Any CPU.Build.0 = Release|Any CPU
		{B9BD9199-89E4-4BFF-9848-6D5704CBFF4A}.Release|Any CPU.Deploy.0 = Release|Any CPU
		{B9BD9199-89E4-4BFF-9848-6D5704CBFF4A}.Release|ARM.ActiveCfg = Release|Any CPU
		{B9BD9199-89E4-4BFF-9848-6D5704CBFF4A}.Release|ARM.Build.0 = Release|Any CPU
		{B9BD9199-89E4-4BFF-9848-6D5704CBFF4A}.Release|ARM.Deploy.0 = Release|Any CPU
		{B9BD9199-89E4-4BFF-9848-6D5704CBFF4A}.Release|iPhone.ActiveCfg = Release|Any CPU
		{B9BD9199-89E4-4BFF-9848-6D5704CBFF4A}.Release|iPhone.Build.0 = Release|Any CPU
		{B9BD9199-89E4-4BFF-9848-6D5704CBFF4A}.Release|iPhone.Deploy.0 = Release|Any CPU
		{B9BD9199-89E4-4BFF-9848-6D5704CBFF4A}.Release|iPhoneSimulator.ActiveCfg = Release|Any CPU
		{B9BD9199-89E4-4BFF-9848-6D5704CBFF4A}.Release|iPhoneSimulator.Build.0 = Release|Any CPU
		{B9BD9199-89E4-4BFF-9848-6D5704CBFF4A}.Release|iPhoneSimulator.Deploy.0 = Release|Any CPU
		{B9BD9199-89E4-4BFF-9848-6D5704CBFF4A}.Release|x64.ActiveCfg = Release|Any CPU
		{B9BD9199-89E4-4BFF-9848-6D5704CBFF4A}.Release|x64.Build.0 = Release|Any CPU
		{B9BD9199-89E4-4BFF-9848-6D5704CBFF4A}.Release|x64.Deploy.0 = Release|Any CPU
		{B9BD9199-89E4-4BFF-9848-6D5704CBFF4A}.Release|x86.ActiveCfg = Release|Any CPU
		{B9BD9199-89E4-4BFF-9848-6D5704CBFF4A}.Release|x86.Build.0 = Release|Any CPU
		{B9BD9199-89E4-4BFF-9848-6D5704CBFF4A}.Release|x86.Deploy.0 = Release|Any CPU
		{ED563D32-A260-4904-A0B3-49E7A7EA9B4C}.Ad-Hoc|Any CPU.ActiveCfg = Ad-Hoc|iPhone
		{ED563D32-A260-4904-A0B3-49E7A7EA9B4C}.Ad-Hoc|ARM.ActiveCfg = Ad-Hoc|iPhone
		{ED563D32-A260-4904-A0B3-49E7A7EA9B4C}.Ad-Hoc|iPhone.ActiveCfg = Ad-Hoc|iPhone
		{ED563D32-A260-4904-A0B3-49E7A7EA9B4C}.Ad-Hoc|iPhone.Build.0 = Ad-Hoc|iPhone
		{ED563D32-A260-4904-A0B3-49E7A7EA9B4C}.Ad-Hoc|iPhoneSimulator.ActiveCfg = Ad-Hoc|iPhoneSimulator
		{ED563D32-A260-4904-A0B3-49E7A7EA9B4C}.Ad-Hoc|iPhoneSimulator.Build.0 = Ad-Hoc|iPhoneSimulator
		{ED563D32-A260-4904-A0B3-49E7A7EA9B4C}.Ad-Hoc|x64.ActiveCfg = Ad-Hoc|iPhone
		{ED563D32-A260-4904-A0B3-49E7A7EA9B4C}.Ad-Hoc|x86.ActiveCfg = Ad-Hoc|iPhone
		{ED563D32-A260-4904-A0B3-49E7A7EA9B4C}.AppStore|Any CPU.ActiveCfg = AppStore|iPhone
		{ED563D32-A260-4904-A0B3-49E7A7EA9B4C}.AppStore|ARM.ActiveCfg = AppStore|iPhone
		{ED563D32-A260-4904-A0B3-49E7A7EA9B4C}.AppStore|iPhone.ActiveCfg = AppStore|iPhone
		{ED563D32-A260-4904-A0B3-49E7A7EA9B4C}.AppStore|iPhone.Build.0 = AppStore|iPhone
		{ED563D32-A260-4904-A0B3-49E7A7EA9B4C}.AppStore|iPhoneSimulator.ActiveCfg = AppStore|iPhoneSimulator
		{ED563D32-A260-4904-A0B3-49E7A7EA9B4C}.AppStore|iPhoneSimulator.Build.0 = AppStore|iPhoneSimulator
		{ED563D32-A260-4904-A0B3-49E7A7EA9B4C}.AppStore|x64.ActiveCfg = AppStore|iPhone
		{ED563D32-A260-4904-A0B3-49E7A7EA9B4C}.AppStore|x86.ActiveCfg = AppStore|iPhone
		{ED563D32-A260-4904-A0B3-49E7A7EA9B4C}.Debug|Any CPU.ActiveCfg = Debug|iPhone
		{ED563D32-A260-4904-A0B3-49E7A7EA9B4C}.Debug|ARM.ActiveCfg = Debug|iPhone
		{ED563D32-A260-4904-A0B3-49E7A7EA9B4C}.Debug|iPhone.ActiveCfg = Debug|iPhone
		{ED563D32-A260-4904-A0B3-49E7A7EA9B4C}.Debug|iPhone.Build.0 = Debug|iPhone
		{ED563D32-A260-4904-A0B3-49E7A7EA9B4C}.Debug|iPhoneSimulator.ActiveCfg = Debug|iPhoneSimulator
		{ED563D32-A260-4904-A0B3-49E7A7EA9B4C}.Debug|iPhoneSimulator.Build.0 = Debug|iPhoneSimulator
		{ED563D32-A260-4904-A0B3-49E7A7EA9B4C}.Debug|x64.ActiveCfg = Debug|iPhone
		{ED563D32-A260-4904-A0B3-49E7A7EA9B4C}.Debug|x86.ActiveCfg = Debug|iPhone
		{ED563D32-A260-4904-A0B3-49E7A7EA9B4C}.Release|Any CPU.ActiveCfg = Release|iPhone
		{ED563D32-A260-4904-A0B3-49E7A7EA9B4C}.Release|ARM.ActiveCfg = Release|iPhone
		{ED563D32-A260-4904-A0B3-49E7A7EA9B4C}.Release|iPhone.ActiveCfg = Release|iPhone
		{ED563D32-A260-4904-A0B3-49E7A7EA9B4C}.Release|iPhone.Build.0 = Release|iPhone
		{ED563D32-A260-4904-A0B3-49E7A7EA9B4C}.Release|iPhoneSimulator.ActiveCfg = Release|iPhoneSimulator
		{ED563D32-A260-4904-A0B3-49E7A7EA9B4C}.Release|iPhoneSimulator.Build.0 = Release|iPhoneSimulator
		{ED563D32-A260-4904-A0B3-49E7A7EA9B4C}.Release|x64.ActiveCfg = Release|iPhone
		{ED563D32-A260-4904-A0B3-49E7A7EA9B4C}.Release|x86.ActiveCfg = Release|iPhone
		{0A78A457-987F-4FE9-96B8-B1B11C0ED6C3}.Ad-Hoc|Any CPU.ActiveCfg = Release|x86
		{0A78A457-987F-4FE9-96B8-B1B11C0ED6C3}.Ad-Hoc|Any CPU.Build.0 = Release|x86
		{0A78A457-987F-4FE9-96B8-B1B11C0ED6C3}.Ad-Hoc|Any CPU.Deploy.0 = Release|x86
		{0A78A457-987F-4FE9-96B8-B1B11C0ED6C3}.Ad-Hoc|ARM.ActiveCfg = Release|ARM
		{0A78A457-987F-4FE9-96B8-B1B11C0ED6C3}.Ad-Hoc|ARM.Build.0 = Release|ARM
		{0A78A457-987F-4FE9-96B8-B1B11C0ED6C3}.Ad-Hoc|ARM.Deploy.0 = Release|ARM
		{0A78A457-987F-4FE9-96B8-B1B11C0ED6C3}.Ad-Hoc|iPhone.ActiveCfg = Release|x86
		{0A78A457-987F-4FE9-96B8-B1B11C0ED6C3}.Ad-Hoc|iPhone.Build.0 = Release|x86
		{0A78A457-987F-4FE9-96B8-B1B11C0ED6C3}.Ad-Hoc|iPhone.Deploy.0 = Release|x86
		{0A78A457-987F-4FE9-96B8-B1B11C0ED6C3}.Ad-Hoc|iPhoneSimulator.ActiveCfg = Release|x86
		{0A78A457-987F-4FE9-96B8-B1B11C0ED6C3}.Ad-Hoc|iPhoneSimulator.Build.0 = Release|x86
		{0A78A457-987F-4FE9-96B8-B1B11C0ED6C3}.Ad-Hoc|iPhoneSimulator.Deploy.0 = Release|x86
		{0A78A457-987F-4FE9-96B8-B1B11C0ED6C3}.Ad-Hoc|x64.ActiveCfg = Release|x64
		{0A78A457-987F-4FE9-96B8-B1B11C0ED6C3}.Ad-Hoc|x64.Build.0 = Release|x64
		{0A78A457-987F-4FE9-96B8-B1B11C0ED6C3}.Ad-Hoc|x64.Deploy.0 = Release|x64
		{0A78A457-987F-4FE9-96B8-B1B11C0ED6C3}.Ad-Hoc|x86.ActiveCfg = Release|x86
		{0A78A457-987F-4FE9-96B8-B1B11C0ED6C3}.Ad-Hoc|x86.Build.0 = Release|x86
		{0A78A457-987F-4FE9-96B8-B1B11C0ED6C3}.Ad-Hoc|x86.Deploy.0 = Release|x86
		{0A78A457-987F-4FE9-96B8-B1B11C0ED6C3}.AppStore|Any CPU.ActiveCfg = Release|x86
		{0A78A457-987F-4FE9-96B8-B1B11C0ED6C3}.AppStore|Any CPU.Build.0 = Release|x86
		{0A78A457-987F-4FE9-96B8-B1B11C0ED6C3}.AppStore|Any CPU.Deploy.0 = Release|x86
		{0A78A457-987F-4FE9-96B8-B1B11C0ED6C3}.AppStore|ARM.ActiveCfg = Release|ARM
		{0A78A457-987F-4FE9-96B8-B1B11C0ED6C3}.AppStore|ARM.Build.0 = Release|ARM
		{0A78A457-987F-4FE9-96B8-B1B11C0ED6C3}.AppStore|ARM.Deploy.0 = Release|ARM
		{0A78A457-987F-4FE9-96B8-B1B11C0ED6C3}.AppStore|iPhone.ActiveCfg = Release|x86
		{0A78A457-987F-4FE9-96B8-B1B11C0ED6C3}.AppStore|iPhone.Build.0 = Release|x86
		{0A78A457-987F-4FE9-96B8-B1B11C0ED6C3}.AppStore|iPhone.Deploy.0 = Release|x86
		{0A78A457-987F-4FE9-96B8-B1B11C0ED6C3}.AppStore|iPhoneSimulator.ActiveCfg = Release|x86
		{0A78A457-987F-4FE9-96B8-B1B11C0ED6C3}.AppStore|iPhoneSimulator.Build.0 = Release|x86
		{0A78A457-987F-4FE9-96B8-B1B11C0ED6C3}.AppStore|iPhoneSimulator.Deploy.0 = Release|x86
		{0A78A457-987F-4FE9-96B8-B1B11C0ED6C3}.AppStore|x64.ActiveCfg = Release|x64
		{0A78A457-987F-4FE9-96B8-B1B11C0ED6C3}.AppStore|x64.Build.0 = Release|x64
		{0A78A457-987F-4FE9-96B8-B1B11C0ED6C3}.AppStore|x64.Deploy.0 = Release|x64
		{0A78A457-987F-4FE9-96B8-B1B11C0ED6C3}.AppStore|x86.ActiveCfg = Release|x86
		{0A78A457-987F-4FE9-96B8-B1B11C0ED6C3}.AppStore|x86.Build.0 = Release|x86
		{0A78A457-987F-4FE9-96B8-B1B11C0ED6C3}.AppStore|x86.Deploy.0 = Release|x86
		{0A78A457-987F-4FE9-96B8-B1B11C0ED6C3}.Debug|Any CPU.ActiveCfg = Debug|x86
		{0A78A457-987F-4FE9-96B8-B1B11C0ED6C3}.Debug|ARM.ActiveCfg = Debug|ARM
		{0A78A457-987F-4FE9-96B8-B1B11C0ED6C3}.Debug|ARM.Build.0 = Debug|ARM
		{0A78A457-987F-4FE9-96B8-B1B11C0ED6C3}.Debug|ARM.Deploy.0 = Debug|ARM
		{0A78A457-987F-4FE9-96B8-B1B11C0ED6C3}.Debug|iPhone.ActiveCfg = Debug|x86
		{0A78A457-987F-4FE9-96B8-B1B11C0ED6C3}.Debug|iPhoneSimulator.ActiveCfg = Debug|x86
		{0A78A457-987F-4FE9-96B8-B1B11C0ED6C3}.Debug|x64.ActiveCfg = Debug|x64
		{0A78A457-987F-4FE9-96B8-B1B11C0ED6C3}.Debug|x64.Build.0 = Debug|x64
		{0A78A457-987F-4FE9-96B8-B1B11C0ED6C3}.Debug|x64.Deploy.0 = Debug|x64
		{0A78A457-987F-4FE9-96B8-B1B11C0ED6C3}.Debug|x86.ActiveCfg = Debug|x86
		{0A78A457-987F-4FE9-96B8-B1B11C0ED6C3}.Debug|x86.Build.0 = Debug|x86
		{0A78A457-987F-4FE9-96B8-B1B11C0ED6C3}.Debug|x86.Deploy.0 = Debug|x86
		{0A78A457-987F-4FE9-96B8-B1B11C0ED6C3}.Release|Any CPU.ActiveCfg = Release|x86
		{0A78A457-987F-4FE9-96B8-B1B11C0ED6C3}.Release|ARM.ActiveCfg = Release|ARM
		{0A78A457-987F-4FE9-96B8-B1B11C0ED6C3}.Release|ARM.Build.0 = Release|ARM
		{0A78A457-987F-4FE9-96B8-B1B11C0ED6C3}.Release|ARM.Deploy.0 = Release|ARM
		{0A78A457-987F-4FE9-96B8-B1B11C0ED6C3}.Release|iPhone.ActiveCfg = Release|x86
		{0A78A457-987F-4FE9-96B8-B1B11C0ED6C3}.Release|iPhoneSimulator.ActiveCfg = Release|x86
		{0A78A457-987F-4FE9-96B8-B1B11C0ED6C3}.Release|x64.ActiveCfg = Release|x64
		{0A78A457-987F-4FE9-96B8-B1B11C0ED6C3}.Release|x64.Build.0 = Release|x64
		{0A78A457-987F-4FE9-96B8-B1B11C0ED6C3}.Release|x64.Deploy.0 = Release|x64
		{0A78A457-987F-4FE9-96B8-B1B11C0ED6C3}.Release|x86.ActiveCfg = Release|x86
		{0A78A457-987F-4FE9-96B8-B1B11C0ED6C3}.Release|x86.Build.0 = Release|x86
		{0A78A457-987F-4FE9-96B8-B1B11C0ED6C3}.Release|x86.Deploy.0 = Release|x86
		{921A1FD7-0007-4F37-89A1-8A7777D2F6A2}.Ad-Hoc|Any CPU.ActiveCfg = Debug|Any CPU
		{921A1FD7-0007-4F37-89A1-8A7777D2F6A2}.Ad-Hoc|Any CPU.Build.0 = Debug|Any CPU
		{921A1FD7-0007-4F37-89A1-8A7777D2F6A2}.Ad-Hoc|ARM.ActiveCfg = Debug|Any CPU
		{921A1FD7-0007-4F37-89A1-8A7777D2F6A2}.Ad-Hoc|ARM.Build.0 = Debug|Any CPU
		{921A1FD7-0007-4F37-89A1-8A7777D2F6A2}.Ad-Hoc|iPhone.ActiveCfg = Debug|Any CPU
		{921A1FD7-0007-4F37-89A1-8A7777D2F6A2}.Ad-Hoc|iPhone.Build.0 = Debug|Any CPU
		{921A1FD7-0007-4F37-89A1-8A7777D2F6A2}.Ad-Hoc|iPhoneSimulator.ActiveCfg = Debug|Any CPU
		{921A1FD7-0007-4F37-89A1-8A7777D2F6A2}.Ad-Hoc|iPhoneSimulator.Build.0 = Debug|Any CPU
		{921A1FD7-0007-4F37-89A1-8A7777D2F6A2}.Ad-Hoc|x64.ActiveCfg = Debug|Any CPU
		{921A1FD7-0007-4F37-89A1-8A7777D2F6A2}.Ad-Hoc|x64.Build.0 = Debug|Any CPU
		{921A1FD7-0007-4F37-89A1-8A7777D2F6A2}.Ad-Hoc|x86.ActiveCfg = Debug|Any CPU
		{921A1FD7-0007-4F37-89A1-8A7777D2F6A2}.Ad-Hoc|x86.Build.0 = Debug|Any CPU
		{921A1FD7-0007-4F37-89A1-8A7777D2F6A2}.AppStore|Any CPU.ActiveCfg = Debug|Any CPU
		{921A1FD7-0007-4F37-89A1-8A7777D2F6A2}.AppStore|Any CPU.Build.0 = Debug|Any CPU
		{921A1FD7-0007-4F37-89A1-8A7777D2F6A2}.AppStore|ARM.ActiveCfg = Debug|Any CPU
		{921A1FD7-0007-4F37-89A1-8A7777D2F6A2}.AppStore|ARM.Build.0 = Debug|Any CPU
		{921A1FD7-0007-4F37-89A1-8A7777D2F6A2}.AppStore|iPhone.ActiveCfg = Debug|Any CPU
		{921A1FD7-0007-4F37-89A1-8A7777D2F6A2}.AppStore|iPhone.Build.0 = Debug|Any CPU
		{921A1FD7-0007-4F37-89A1-8A7777D2F6A2}.AppStore|iPhoneSimulator.ActiveCfg = Debug|Any CPU
		{921A1FD7-0007-4F37-89A1-8A7777D2F6A2}.AppStore|iPhoneSimulator.Build.0 = Debug|Any CPU
		{921A1FD7-0007-4F37-89A1-8A7777D2F6A2}.AppStore|x64.ActiveCfg = Debug|Any CPU
		{921A1FD7-0007-4F37-89A1-8A7777D2F6A2}.AppStore|x64.Build.0 = Debug|Any CPU
		{921A1FD7-0007-4F37-89A1-8A7777D2F6A2}.AppStore|x86.ActiveCfg = Debug|Any CPU
		{921A1FD7-0007-4F37-89A1-8A7777D2F6A2}.AppStore|x86.Build.0 = Debug|Any CPU
		{921A1FD7-0007-4F37-89A1-8A7777D2F6A2}.Debug|Any CPU.ActiveCfg = Debug|Any CPU
		{921A1FD7-0007-4F37-89A1-8A7777D2F6A2}.Debug|Any CPU.Build.0 = Debug|Any CPU
		{921A1FD7-0007-4F37-89A1-8A7777D2F6A2}.Debug|ARM.ActiveCfg = Debug|Any CPU
		{921A1FD7-0007-4F37-89A1-8A7777D2F6A2}.Debug|ARM.Build.0 = Debug|Any CPU
		{921A1FD7-0007-4F37-89A1-8A7777D2F6A2}.Debug|iPhone.ActiveCfg = Debug|Any CPU
		{921A1FD7-0007-4F37-89A1-8A7777D2F6A2}.Debug|iPhone.Build.0 = Debug|Any CPU
		{921A1FD7-0007-4F37-89A1-8A7777D2F6A2}.Debug|iPhoneSimulator.ActiveCfg = Debug|Any CPU
		{921A1FD7-0007-4F37-89A1-8A7777D2F6A2}.Debug|iPhoneSimulator.Build.0 = Debug|Any CPU
		{921A1FD7-0007-4F37-89A1-8A7777D2F6A2}.Debug|x64.ActiveCfg = Debug|Any CPU
		{921A1FD7-0007-4F37-89A1-8A7777D2F6A2}.Debug|x64.Build.0 = Debug|Any CPU
		{921A1FD7-0007-4F37-89A1-8A7777D2F6A2}.Debug|x86.ActiveCfg = Debug|Any CPU
		{921A1FD7-0007-4F37-89A1-8A7777D2F6A2}.Debug|x86.Build.0 = Debug|Any CPU
		{921A1FD7-0007-4F37-89A1-8A7777D2F6A2}.Release|Any CPU.ActiveCfg = Release|Any CPU
		{921A1FD7-0007-4F37-89A1-8A7777D2F6A2}.Release|Any CPU.Build.0 = Release|Any CPU
		{921A1FD7-0007-4F37-89A1-8A7777D2F6A2}.Release|ARM.ActiveCfg = Release|Any CPU
		{921A1FD7-0007-4F37-89A1-8A7777D2F6A2}.Release|ARM.Build.0 = Release|Any CPU
		{921A1FD7-0007-4F37-89A1-8A7777D2F6A2}.Release|iPhone.ActiveCfg = Release|Any CPU
		{921A1FD7-0007-4F37-89A1-8A7777D2F6A2}.Release|iPhone.Build.0 = Release|Any CPU
		{921A1FD7-0007-4F37-89A1-8A7777D2F6A2}.Release|iPhoneSimulator.ActiveCfg = Release|Any CPU
		{921A1FD7-0007-4F37-89A1-8A7777D2F6A2}.Release|iPhoneSimulator.Build.0 = Release|Any CPU
		{921A1FD7-0007-4F37-89A1-8A7777D2F6A2}.Release|x64.ActiveCfg = Release|Any CPU
		{921A1FD7-0007-4F37-89A1-8A7777D2F6A2}.Release|x64.Build.0 = Release|Any CPU
		{921A1FD7-0007-4F37-89A1-8A7777D2F6A2}.Release|x86.ActiveCfg = Release|Any CPU
		{921A1FD7-0007-4F37-89A1-8A7777D2F6A2}.Release|x86.Build.0 = Release|Any CPU
	EndGlobalSection
	GlobalSection(SolutionProperties) = preSolution
		HideSolutionNode = FALSE
	EndGlobalSection
	GlobalSection(NestedProjects) = preSolution
		{921A1FD7-0007-4F37-89A1-8A7777D2F6A2} = {7A6207DA-3EE1-469C-8643-88FC3093873B}
	EndGlobalSection
	GlobalSection(ExtensibilityGlobals) = postSolution
		SolutionGuid = {CBDA2735-F802-450A-9E7D-072623A33C85}
	EndGlobalSection
EndGlobal
